
Microsoft Visual Studio Solution File, Format Version 12.00
# Visual Studio 15
VisualStudioVersion = 15.0.27703.2042
MinimumVisualStudioVersion = 10.0.40219.1
Project("{FAE04EC0-301F-11D3-BF4B-00C04F79EFBC}") = "Result", "Result\Result.csproj", "{321E90F4-E706-4112-9B44-AF8372240498}"
EndProject
Global
	GlobalSection(SolutionConfigurationPlatforms) = preSolution
		Debug|Any CPU = Debug|Any CPU
		Release|Any CPU = Release|Any CPU
	EndGlobalSection
	GlobalSection(ProjectConfigurationPlatforms) = postSolution
		{321E90F4-E706-4112-9B44-AF8372240498}.Debug|Any CPU.ActiveCfg = Debug|Any CPU
		{321E90F4-E706-4112-9B44-AF8372240498}.Debug|Any CPU.Build.0 = Debug|Any CPU
		{321E90F4-E706-4112-9B44-AF8372240498}.Release|Any CPU.ActiveCfg = Release|Any CPU
		{321E90F4-E706-4112-9B44-AF8372240498}.Release|Any CPU.Build.0 = Release|Any CPU
	EndGlobalSection
	GlobalSection(SolutionProperties) = preSolution
		HideSolutionNode = FALSE
	EndGlobalSection
	GlobalSection(ExtensibilityGlobals) = postSolution
		SolutionGuid = {D70BE81B-7681-4C32-B9D4-B257F20A7CA3}
	EndGlobalSection
EndGlobal
